
Microsoft Visual Studio Solution File, Format Version 12.00
# Visual Studio Version 17
VisualStudioVersion = 17.9.34902.65
MinimumVisualStudioVersion = 10.0.40219.1
Project("{FAE04EC0-301F-11D3-BF4B-00C04F79EFBC}") = "RoomMaster", "RoomMaster\RoomMaster.csproj", "{69A65D81-DDFF-4B76-86BC-CF8BB0EEFA25}"
EndProject
Global
	GlobalSection(SolutionConfigurationPlatforms) = preSolution
		Debug|Any CPU = Debug|Any CPU
		Release|Any CPU = Release|Any CPU
	EndGlobalSection
	GlobalSection(ProjectConfigurationPlatforms) = postSolution
		{69A65D81-DDFF-4B76-86BC-CF8BB0EEFA25}.Debug|Any CPU.ActiveCfg = Debug|Any CPU
		{69A65D81-DDFF-4B76-86BC-CF8BB0EEFA25}.Debug|Any CPU.Build.0 = Debug|Any CPU
		{69A65D81-DDFF-4B76-86BC-CF8BB0EEFA25}.Release|Any CPU.ActiveCfg = Release|Any CPU
		{69A65D81-DDFF-4B76-86BC-CF8BB0EEFA25}.Release|Any CPU.Build.0 = Release|Any CPU
	EndGlobalSection
	GlobalSection(SolutionProperties) = preSolution
		HideSolutionNode = FALSE
	EndGlobalSection
	GlobalSection(ExtensibilityGlobals) = postSolution
		SolutionGuid = {C5627542-23CA-4172-A679-C3CA5C4FF12C}
	EndGlobalSection
EndGlobal
